
Microsoft Visual Studio Solution File, Format Version 12.00
# Visual Studio Version 16
VisualStudioVersion = 16.0.31205.134
MinimumVisualStudioVersion = 10.0.40219.1
Project("{9A19103F-16F7-4668-BE54-9A1E7A4F7556}") = "DragDrop", "DragDrop\DragDrop.csproj", "{DB0A648A-615F-4C85-A81A-BFEBE3809DDE}"
EndProject
Project("{9A19103F-16F7-4668-BE54-9A1E7A4F7556}") = "Strategy", "Strategy\Strategy.csproj", "{0283A11A-7082-4359-BB4A-8B2DCDA4A61A}"
EndProject
Project("{9A19103F-16F7-4668-BE54-9A1E7A4F7556}") = "Singleton", "..\..\ConsoleFactory\Singleton\Singleton.csproj", "{C9338C13-96C8-4C03-828C-9939E58E86F8}"
EndProject
Global
	GlobalSection(SolutionConfigurationPlatforms) = preSolution
		Debug|Any CPU = Debug|Any CPU
		Release|Any CPU = Release|Any CPU
	EndGlobalSection
	GlobalSection(ProjectConfigurationPlatforms) = postSolution
		{DB0A648A-615F-4C85-A81A-BFEBE3809DDE}.Debug|Any CPU.ActiveCfg = Debug|Any CPU
		{DB0A648A-615F-4C85-A81A-BFEBE3809DDE}.Debug|Any CPU.Build.0 = Debug|Any CPU
		{DB0A648A-615F-4C85-A81A-BFEBE3809DDE}.Release|Any CPU.ActiveCfg = Release|Any CPU
		{DB0A648A-615F-4C85-A81A-BFEBE3809DDE}.Release|Any CPU.Build.0 = Release|Any CPU
		{0283A11A-7082-4359-BB4A-8B2DCDA4A61A}.Debug|Any CPU.ActiveCfg = Debug|Any CPU
		{0283A11A-7082-4359-BB4A-8B2DCDA4A61A}.Debug|Any CPU.Build.0 = Debug|Any CPU
		{0283A11A-7082-4359-BB4A-8B2DCDA4A61A}.Release|Any CPU.ActiveCfg = Release|Any CPU
		{0283A11A-7082-4359-BB4A-8B2DCDA4A61A}.Release|Any CPU.Build.0 = Release|Any CPU
		{C9338C13-96C8-4C03-828C-9939E58E86F8}.Debug|Any CPU.ActiveCfg = Debug|Any CPU
		{C9338C13-96C8-4C03-828C-9939E58E86F8}.Debug|Any CPU.Build.0 = Debug|Any CPU
		{C9338C13-96C8-4C03-828C-9939E58E86F8}.Release|Any CPU.ActiveCfg = Release|Any CPU
		{C9338C13-96C8-4C03-828C-9939E58E86F8}.Release|Any CPU.Build.0 = Release|Any CPU
	EndGlobalSection
	GlobalSection(SolutionProperties) = preSolution
		HideSolutionNode = FALSE
	EndGlobalSection
	GlobalSection(ExtensibilityGlobals) = postSolution
		SolutionGuid = {C99115FF-0CE9-41F2-8296-E5D70F2AB447}
	EndGlobalSection
EndGlobal
