
Microsoft Visual Studio Solution File, Format Version 12.00
# Visual Studio Version 16
VisualStudioVersion = 16.0.31205.134
MinimumVisualStudioVersion = 10.0.40219.1
Project("{FAE04EC0-301F-11D3-BF4B-00C04F79EFBC}") = "DragDrop", "DragDrop\DragDrop.csproj", "{DB0A648A-615F-4C85-A81A-BFEBE3809DDE}"
EndProject
Global
	GlobalSection(SolutionConfigurationPlatforms) = preSolution
		Debug|Any CPU = Debug|Any CPU
		Release|Any CPU = Release|Any CPU
	EndGlobalSection
	GlobalSection(ProjectConfigurationPlatforms) = postSolution
		{DB0A648A-615F-4C85-A81A-BFEBE3809DDE}.Debug|Any CPU.ActiveCfg = Debug|Any CPU
		{DB0A648A-615F-4C85-A81A-BFEBE3809DDE}.Debug|Any CPU.Build.0 = Debug|Any CPU
		{DB0A648A-615F-4C85-A81A-BFEBE3809DDE}.Release|Any CPU.ActiveCfg = Release|Any CPU
		{DB0A648A-615F-4C85-A81A-BFEBE3809DDE}.Release|Any CPU.Build.0 = Release|Any CPU
	EndGlobalSection
	GlobalSection(SolutionProperties) = preSolution
		HideSolutionNode = FALSE
	EndGlobalSection
	GlobalSection(ExtensibilityGlobals) = postSolution
		SolutionGuid = {C99115FF-0CE9-41F2-8296-E5D70F2AB447}
	EndGlobalSection
EndGlobal
